name: Generate package-lock.json
on:
  workflow_dispatch:
  
permissions:
  # Needs to commit to this repo
  contents: write

jobs:
  generate-lockfile:
    if: ${{ !contains(fromJSON('["main", "dont-run-on-me"]'), github.ref_name) }} # This should only be run on PRs

    name: Generate package-lock.json
    runs-on: ubuntu-latest
    
    steps:
      - uses: actions/checkout@11bd71901bbe5b1630ceea73d27597364c9af683  # 4.2.2
      
      - uses: actions/setup-node@1d0ff469b7ec7b3cb9d8673fde0c81c44821de2a # 4.2.0
        with:
          node-version: 22
          
      - name: Generate package-lock.json
        run: npm i --package-lock-only

      - name: Check if package-lock.json changed at all
        id: package-lock-changed
        run: "! git diff --exit-code -- package-lock.json"

      - name: "[package-lock.json didn't change] Log that it didn't change"
        if: steps.package-lock-changed.outcome == 'failure'
        run: echo "::info::package-lock.json didn't change, not committing anything"

      # Use the REST API to commit changes, so we get automatic commit signing
      # https://gist.github.com/swinton/03e84635b45c78353b1f71e41007fc7c
      - name: "[package-lock.json changed] Commit and push package-lock.json"
        if: steps.package-lock-changed.outcome == 'success'
        env:
          GITHUB_TOKEN: ${{ secrets.GITHUB_TOKEN }}
          FILE_TO_COMMIT: package-lock.json
          DESTINATION_BRANCH: ${{ github.ref_name }}
        run: |
          export MESSAGE="chore: regenerate package-lock.json

          ${{ github.server_url }}/${{ github.repository }}/actions/runs/${{ github.run_id }}"
          export SHA=$( git rev-parse $DESTINATION_BRANCH:$FILE_TO_COMMIT )
          export CONTENT=$( base64 -i $FILE_TO_COMMIT )
          gh api --method PUT /repos/:owner/:repo/contents/$FILE_TO_COMMIT \
            --field message="$MESSAGE" \
            --field content="$CONTENT" \
            --field encoding="base64" \
            --field branch="$DESTINATION_BRANCH" \
            --field sha="$SHA"
